// !$*UTF8*$!
{
	archiveVersion = 1;
	classes = {
	};
	objectVersion = 48;
	objects = {

/* Begin PBXBuildFile section */
		218AB8D2200264C100DDB5B4 /* AppDelegate.swift in Sources */ = {isa = PBXBuildFile; fileRef = 218AB8D1200264C100DDB5B4 /* AppDelegate.swift */; };
		218AB8D4200264C100DDB5B4 /* planelistviewcontroller.swift in Sources */ = {isa = PBXBuildFile; fileRef = 218AB8D3200264C100DDB5B4 /* planelistviewcontroller.swift */; };
		218AB8D7200264C100DDB5B4 /* Main.storyboard in Resources */ = {isa = PBXBuildFile; fileRef = 218AB8D5200264C100DDB5B4 /* Main.storyboard */; };
		218AB8D9200264C100DDB5B4 /* Assets.xcassets in Resources */ = {isa = PBXBuildFile; fileRef = 218AB8D8200264C100DDB5B4 /* Assets.xcassets */; };
		218AB8DC200264C100DDB5B4 /* LaunchScreen.storyboard in Resources */ = {isa = PBXBuildFile; fileRef = 218AB8DA200264C100DDB5B4 /* LaunchScreen.storyboard */; };
		21CF216020168DB700241C84 /* categoryViewController.swift in Sources */ = {isa = PBXBuildFile; fileRef = 21CF215F20168DB700241C84 /* categoryViewController.swift */; };
		21D9B84B20264F28002CCE7B /* Item.swift in Sources */ = {isa = PBXBuildFile; fileRef = 21D9B84A20264F28002CCE7B /* Item.swift */; };
		21D9B84D20264F44002CCE7B /* Category.swift in Sources */ = {isa = PBXBuildFile; fileRef = 21D9B84C20264F44002CCE7B /* Category.swift */; };
		25AE10BE9BE016689CA24DFF /* Pods_planner.framework in Frameworks */ = {isa = PBXBuildFile; fileRef = 153D9DF4182DAB8FFA5EDA30 /* Pods_planner.framework */; };
/* End PBXBuildFile section */

/* Begin PBXFileReference section */
		153D9DF4182DAB8FFA5EDA30 /* Pods_planner.framework */ = {isa = PBXFileReference; explicitFileType = wrapper.framework; includeInIndex = 0; path = Pods_planner.framework; sourceTree = BUILT_PRODUCTS_DIR; };
		218AB8CE200264C100DDB5B4 /* planner.app */ = {isa = PBXFileReference; explicitFileType = wrapper.application; includeInIndex = 0; path = planner.app; sourceTree = BUILT_PRODUCTS_DIR; };
		218AB8D1200264C100DDB5B4 /* AppDelegate.swift */ = {isa = PBXFileReference; lastKnownFileType = sourcecode.swift; path = AppDelegate.swift; sourceTree = "<group>"; };
		218AB8D3200264C100DDB5B4 /* planelistviewcontroller.swift */ = {isa = PBXFileReference; lastKnownFileType = sourcecode.swift; path = planelistviewcontroller.swift; sourceTree = "<group>"; };
		218AB8D6200264C100DDB5B4 /* Base */ = {isa = PBXFileReference; lastKnownFileType = file.storyboard; name = Base; path = Base.lproj/Main.storyboard; sourceTree = "<group>"; };
		218AB8D8200264C100DDB5B4 /* Assets.xcassets */ = {isa = PBXFileReference; lastKnownFileType = folder.assetcatalog; path = Assets.xcassets; sourceTree = "<group>"; };
		218AB8DB200264C100DDB5B4 /* Base */ = {isa = PBXFileReference; lastKnownFileType = file.storyboard; name = Base; path = Base.lproj/LaunchScreen.storyboard; sourceTree = "<group>"; };
		218AB8DD200264C100DDB5B4 /* Info.plist */ = {isa = PBXFileReference; lastKnownFileType = text.plist.xml; path = Info.plist; sourceTree = "<group>"; };
		21CF215F20168DB700241C84 /* categoryViewController.swift */ = {isa = PBXFileReference; lastKnownFileType = sourcecode.swift; path = categoryViewController.swift; sourceTree = "<group>"; };
		21D9B84A20264F28002CCE7B /* Item.swift */ = {isa = PBXFileReference; lastKnownFileType = sourcecode.swift; path = Item.swift; sourceTree = "<group>"; };
		21D9B84C20264F44002CCE7B /* Category.swift */ = {isa = PBXFileReference; lastKnownFileType = sourcecode.swift; path = Category.swift; sourceTree = "<group>"; };
		A6D894753DBE429FB7DA4AD1 /* Pods-planner.release.xcconfig */ = {isa = PBXFileReference; includeInIndex = 1; lastKnownFileType = text.xcconfig; name = "Pods-planner.release.xcconfig"; path = "Pods/Target Support Files/Pods-planner/Pods-planner.release.xcconfig"; sourceTree = "<group>"; };
		F6C8005190B557E3CF778669 /* Pods-planner.debug.xcconfig */ = {isa = PBXFileReference; includeInIndex = 1; lastKnownFileType = text.xcconfig; name = "Pods-planner.debug.xcconfig"; path = "Pods/Target Support Files/Pods-planner/Pods-planner.debug.xcconfig"; sourceTree = "<group>"; };
/* End PBXFileReference section */

/* Begin PBXFrameworksBuildPhase section */
		218AB8CB200264C000DDB5B4 /* Frameworks */ = {
			isa = PBXFrameworksBuildPhase;
			buildActionMask = 2147483647;
			files = (
				25AE10BE9BE016689CA24DFF /* Pods_planner.framework in Frameworks */,
			);
			runOnlyForDeploymentPostprocessing = 0;
		};
/* End PBXFrameworksBuildPhase section */

/* Begin PBXGroup section */
		218AB8C5200264C000DDB5B4 = {
			isa = PBXGroup;
			children = (
				218AB8D0200264C100DDB5B4 /* planner */,
				218AB8DD200264C100DDB5B4 /* Info.plist */,
				218AB8CF200264C100DDB5B4 /* Products */,
				A3508530D16095827FCE9FFE /* Pods */,
				73805F27AEFCE1F74585D3A3 /* Frameworks */,
			);
			sourceTree = "<group>";
		};
		218AB8CF200264C100DDB5B4 /* Products */ = {
			isa = PBXGroup;
			children = (
				218AB8CE200264C100DDB5B4 /* planner.app */,
			);
			name = Products;
			sourceTree = "<group>";
		};
		218AB8D0200264C100DDB5B4 /* planner */ = {
			isa = PBXGroup;
			children = (
				21CF2136200918A000241C84 /* control */,
				21CF21352009181900241C84 /* Data */,
				21CF213720091AC700241C84 /* veiw */,
				21CF213820091C1100241C84 /* acss */,
			);
			path = planner;
			sourceTree = "<group>";
		};
		21CF21352009181900241C84 /* Data */ = {
			isa = PBXGroup;
			children = (
				21D9B84A20264F28002CCE7B /* Item.swift */,
				21D9B84C20264F44002CCE7B /* Category.swift */,
			);
			path = Data;
			sourceTree = "<group>";
		};
		21CF2136200918A000241C84 /* control */ = {
			isa = PBXGroup;
			children = (
				21CF215F20168DB700241C84 /* categoryViewController.swift */,
				218AB8D1200264C100DDB5B4 /* AppDelegate.swift */,
				218AB8D3200264C100DDB5B4 /* planelistviewcontroller.swift */,
			);
			path = control;
			sourceTree = "<group>";
		};
		21CF213720091AC700241C84 /* veiw */ = {
			isa = PBXGroup;
			children = (
				218AB8D5200264C100DDB5B4 /* Main.storyboard */,
			);
			path = veiw;
			sourceTree = "<group>";
		};
		21CF213820091C1100241C84 /* acss */ = {
			isa = PBXGroup;
			children = (
				218AB8DA200264C100DDB5B4 /* LaunchScreen.storyboard */,
				218AB8D8200264C100DDB5B4 /* Assets.xcassets */,
			);
			path = acss;
			sourceTree = "<group>";
		};
		73805F27AEFCE1F74585D3A3 /* Frameworks */ = {
			isa = PBXGroup;
			children = (
				153D9DF4182DAB8FFA5EDA30 /* Pods_planner.framework */,
			);
			name = Frameworks;
			sourceTree = "<group>";
		};
		A3508530D16095827FCE9FFE /* Pods */ = {
			isa = PBXGroup;
			children = (
				F6C8005190B557E3CF778669 /* Pods-planner.debug.xcconfig */,
				A6D894753DBE429FB7DA4AD1 /* Pods-planner.release.xcconfig */,
			);
			name = Pods;
			sourceTree = "<group>";
		};
/* End PBXGroup section */

/* Begin PBXNativeTarget section */
		218AB8CD200264C000DDB5B4 /* planner */ = {
			isa = PBXNativeTarget;
			buildConfigurationList = 218AB8E0200264C100DDB5B4 /* Build configuration list for PBXNativeTarget "planner" */;
			buildPhases = (
				9219922145CC83DA578718B2 /* [CP] Check Pods Manifest.lock */,
				218AB8CA200264C000DDB5B4 /* Sources */,
				218AB8CB200264C000DDB5B4 /* Frameworks */,
				218AB8CC200264C000DDB5B4 /* Resources */,
				DFE1D6FCBC5068045FB7D8D1 /* [CP] Embed Pods Frameworks */,
				CE438E38D4271AADF9FC8C12 /* [CP] Copy Pods Resources */,
			);
			buildRules = (
			);
			dependencies = (
			);
			name = planner;
			productName = planner;
			productReference = 218AB8CE200264C100DDB5B4 /* planner.app */;
			productType = "com.apple.product-type.application";
		};
/* End PBXNativeTarget section */

/* Begin PBXProject section */
		218AB8C6200264C000DDB5B4 /* Project object */ = {
			isa = PBXProject;
			attributes = {
				LastSwiftUpdateCheck = 0920;
				LastUpgradeCheck = 0920;
				ORGANIZATIONNAME = "ر";
				TargetAttributes = {
					218AB8CD200264C000DDB5B4 = {
						CreatedOnToolsVersion = 9.2;
						ProvisioningStyle = Automatic;
					};
				};
			};
			buildConfigurationList = 218AB8C9200264C000DDB5B4 /* Build configuration list for PBXProject "planner" */;
			compatibilityVersion = "Xcode 8.0";
			developmentRegion = en;
			hasScannedForEncodings = 0;
			knownRegions = (
				en,
				Base,
			);
			mainGroup = 218AB8C5200264C000DDB5B4;
			productRefGroup = 218AB8CF200264C100DDB5B4 /* Products */;
			projectDirPath = "";
			projectRoot = "";
			targets = (
				218AB8CD200264C000DDB5B4 /* planner */,
			);
		};
/* End PBXProject section */

/* Begin PBXResourcesBuildPhase section */
		218AB8CC200264C000DDB5B4 /* Resources */ = {
			isa = PBXResourcesBuildPhase;
			buildActionMask = 2147483647;
			files = (
				218AB8DC200264C100DDB5B4 /* LaunchScreen.storyboard in Resources */,
				218AB8D9200264C100DDB5B4 /* Assets.xcassets in Resources */,
				218AB8D7200264C100DDB5B4 /* Main.storyboard in Resources */,
			);
			runOnlyForDeploymentPostprocessing = 0;
		};
/* End PBXResourcesBuildPhase section */

/* Begin PBXShellScriptBuildPhase section */
		9219922145CC83DA578718B2 /* [CP] Check Pods Manifest.lock */ = {
			isa = PBXShellScriptBuildPhase;
			buildActionMask = 2147483647;
			files = (
			);
			inputPaths = (
				"${PODS_PODFILE_DIR_PATH}/Podfile.lock",
				"${PODS_ROOT}/Manifest.lock",
			);
			name = "[CP] Check Pods Manifest.lock";
			outputPaths = (
				"$(DERIVED_FILE_DIR)/Pods-planner-checkManifestLockResult.txt",
			);
			runOnlyForDeploymentPostprocessing = 0;
			shellPath = /bin/sh;
			shellScript = "diff \"${PODS_PODFILE_DIR_PATH}/Podfile.lock\" \"${PODS_ROOT}/Manifest.lock\" > /dev/null\nif [ $? != 0 ] ; then\n    # print error to STDERR\n    echo \"error: The sandbox is not in sync with the Podfile.lock. Run 'pod install' or update your CocoaPods installation.\" >&2\n    exit 1\nfi\n# This output is used by Xcode 'outputs' to avoid re-running this script phase.\necho \"SUCCESS\" > \"${SCRIPT_OUTPUT_FILE_0}\"\n";
			showEnvVarsInLog = 0;
		};
		CE438E38D4271AADF9FC8C12 /* [CP] Copy Pods Resources */ = {
			isa = PBXShellScriptBuildPhase;
			buildActionMask = 2147483647;
			files = (
			);
			inputPaths = (
			);
			name = "[CP] Copy Pods Resources";
			outputPaths = (
			);
			runOnlyForDeploymentPostprocessing = 0;
			shellPath = /bin/sh;
			shellScript = "\"${SRCROOT}/Pods/Target Support Files/Pods-planner/Pods-planner-resources.sh\"\n";
			showEnvVarsInLog = 0;
		};
		DFE1D6FCBC5068045FB7D8D1 /* [CP] Embed Pods Frameworks */ = {
			isa = PBXShellScriptBuildPhase;
			buildActionMask = 2147483647;
			files = (
			);
			inputPaths = (
				"${SRCROOT}/Pods/Target Support Files/Pods-planner/Pods-planner-frameworks.sh",
				"${BUILT_PRODUCTS_DIR}/Realm/Realm.framework",
				"${BUILT_PRODUCTS_DIR}/RealmSwift/RealmSwift.framework",
			);
			name = "[CP] Embed Pods Frameworks";
			outputPaths = (
				"${TARGET_BUILD_DIR}/${FRAMEWORKS_FOLDER_PATH}/Realm.framework",
				"${TARGET_BUILD_DIR}/${FRAMEWORKS_FOLDER_PATH}/RealmSwift.framework",
			);
			runOnlyForDeploymentPostprocessing = 0;
			shellPath = /bin/sh;
			shellScript = "\"${SRCROOT}/Pods/Target Support Files/Pods-planner/Pods-planner-frameworks.sh\"\n";
			showEnvVarsInLog = 0;
		};
/* End PBXShellScriptBuildPhase section */

/* Begin PBXSourcesBuildPhase section */
		218AB8CA200264C000DDB5B4 /* Sources */ = {
			isa = PBXSourcesBuildPhase;
			buildActionMask = 2147483647;
			files = (
				21D9B84B20264F28002CCE7B /* Item.swift in Sources */,
				21CF216020168DB700241C84 /* categoryViewController.swift in Sources */,
				218AB8D4200264C100DDB5B4 /* planelistviewcontroller.swift in Sources */,
				218AB8D2200264C100DDB5B4 /* AppDelegate.swift in Sources */,
				21D9B84D20264F44002CCE7B /* Category.swift in Sources */,
			);
			runOnlyForDeploymentPostprocessing = 0;
		};
/* End PBXSourcesBuildPhase section */

/* Begin PBXVariantGroup section */
		218AB8D5200264C100DDB5B4 /* Main.storyboard */ = {
			isa = PBXVariantGroup;
			children = (
				218AB8D6200264C100DDB5B4 /* Base */,
			);
			name = Main.storyboard;
			sourceTree = "<group>";
		};
		218AB8DA200264C100DDB5B4 /* LaunchScreen.storyboard */ = {
			isa = PBXVariantGroup;
			children = (
				218AB8DB200264C100DDB5B4 /* Base */,
			);
			name = LaunchScreen.storyboard;
			sourceTree = "<group>";
		};
/* End PBXVariantGroup section */

/* Begin XCBuildConfiguration section */
		218AB8DE200264C100DDB5B4 /* Debug */ = {
			isa = XCBuildConfiguration;
			buildSettings = {
				ALWAYS_SEARCH_USER_PATHS = NO;
				CLANG_ANALYZER_NONNULL = YES;
				CLANG_ANALYZER_NUMBER_OBJECT_CONVERSION = YES_AGGRESSIVE;
				CLANG_CXX_LANGUAGE_STANDARD = "gnu++14";
				CLANG_CXX_LIBRARY = "libc++";
				CLANG_ENABLE_MODULES = YES;
				CLANG_ENABLE_OBJC_ARC = YES;
				CLANG_WARN_BLOCK_CAPTURE_AUTORELEASING = YES;
				CLANG_WARN_BOOL_CONVERSION = YES;
				CLANG_WARN_COMMA = YES;
				CLANG_WARN_CONSTANT_CONVERSION = YES;
				CLANG_WARN_DIRECT_OBJC_ISA_USAGE = YES_ERROR;
				CLANG_WARN_DOCUMENTATION_COMMENTS = YES;
				CLANG_WARN_EMPTY_BODY = YES;
				CLANG_WARN_ENUM_CONVERSION = YES;
				CLANG_WARN_INFINITE_RECURSION = YES;
				CLANG_WARN_INT_CONVERSION = YES;
				CLANG_WARN_NON_LITERAL_NULL_CONVERSION = YES;
				CLANG_WARN_OBJC_LITERAL_CONVERSION = YES;
				CLANG_WARN_OBJC_ROOT_CLASS = YES_ERROR;
				CLANG_WARN_RANGE_LOOP_ANALYSIS = YES;
				CLANG_WARN_STRICT_PROTOTYPES = YES;
				CLANG_WARN_SUSPICIOUS_MOVE = YES;
				CLANG_WARN_UNGUARDED_AVAILABILITY = YES_AGGRESSIVE;
				CLANG_WARN_UNREACHABLE_CODE = YES;
				CLANG_WARN__DUPLICATE_METHOD_MATCH = YES;
				CODE_SIGN_IDENTITY = "iPhone Developer";
				COPY_PHASE_STRIP = NO;
				DEBUG_INFORMATION_FORMAT = dwarf;
				ENABLE_STRICT_OBJC_MSGSEND = YES;
				ENABLE_TESTABILITY = YES;
				GCC_C_LANGUAGE_STANDARD = gnu11;
				GCC_DYNAMIC_NO_PIC = NO;
				GCC_NO_COMMON_BLOCKS = YES;
				GCC_OPTIMIZATION_LEVEL = 0;
				GCC_PREPROCESSOR_DEFINITIONS = (
					"DEBUG=1",
					"$(inherited)",
				);
				GCC_WARN_64_TO_32_BIT_CONVERSION = YES;
				GCC_WARN_ABOUT_RETURN_TYPE = YES_ERROR;
				GCC_WARN_UNDECLARED_SELECTOR = YES;
				GCC_WARN_UNINITIALIZED_AUTOS = YES_AGGRESSIVE;
				GCC_WARN_UNUSED_FUNCTION = YES;
				GCC_WARN_UNUSED_VARIABLE = YES;
				IPHONEOS_DEPLOYMENT_TARGET = 11.2;
				MTL_ENABLE_DEBUG_INFO = YES;
				ONLY_ACTIVE_ARCH = YES;
				SDKROOT = iphoneos;
				SWIFT_ACTIVE_COMPILATION_CONDITIONS = DEBUG;
				SWIFT_OPTIMIZATION_LEVEL = "-Onone";
			};
			name = Debug;
		};
		218AB8DF200264C100DDB5B4 /* Release */ = {
			isa = XCBuildConfiguration;
			buildSettings = {
				ALWAYS_SEARCH_USER_PATHS = NO;
				CLANG_ANALYZER_NONNULL = YES;
				CLANG_ANALYZER_NUMBER_OBJECT_CONVERSION = YES_AGGRESSIVE;
				CLANG_CXX_LANGUAGE_STANDARD = "gnu++14";
				CLANG_CXX_LIBRARY = "libc++";
				CLANG_ENABLE_MODULES = YES;
				CLANG_ENABLE_OBJC_ARC = YES;
				CLANG_WARN_BLOCK_CAPTURE_AUTORELEASING = YES;
				CLANG_WARN_BOOL_CONVERSION = YES;
				CLANG_WARN_COMMA = YES;
				CLANG_WARN_CONSTANT_CONVERSION = YES;
				CLANG_WARN_DIRECT_OBJC_ISA_USAGE = YES_ERROR;
				CLANG_WARN_DOCUMENTATION_COMMENTS = YES;
				CLANG_WARN_EMPTY_BODY = YES;
				CLANG_WARN_ENUM_CONVERSION = YES;
				CLANG_WARN_INFINITE_RECURSION = YES;
				CLANG_WARN_INT_CONVERSION = YES;
				CLANG_WARN_NON_LITERAL_NULL_CONVERSION = YES;
				CLANG_WARN_OBJC_LITERAL_CONVERSION = YES;
				CLANG_WARN_OBJC_ROOT_CLASS = YES_ERROR;
				CLANG_WARN_RANGE_LOOP_ANALYSIS = YES;
				CLANG_WARN_STRICT_PROTOTYPES = YES;
				CLANG_WARN_SUSPICIOUS_MOVE = YES;
				CLANG_WARN_UNGUARDED_AVAILABILITY = YES_AGGRESSIVE;
				CLANG_WARN_UNREACHABLE_CODE = YES;
				CLANG_WARN__DUPLICATE_METHOD_MATCH = YES;
				CODE_SIGN_IDENTITY = "iPhone Developer";
				COPY_PHASE_STRIP = NO;
				DEBUG_INFORMATION_FORMAT = "dwarf-with-dsym";
				ENABLE_NS_ASSERTIONS = NO;
				ENABLE_STRICT_OBJC_MSGSEND = YES;
				GCC_C_LANGUAGE_STANDARD = gnu11;
				GCC_NO_COMMON_BLOCKS = YES;
				GCC_WARN_64_TO_32_BIT_CONVERSION = YES;
				GCC_WARN_ABOUT_RETURN_TYPE = YES_ERROR;
				GCC_WARN_UNDECLARED_SELECTOR = YES;
				GCC_WARN_UNINITIALIZED_AUTOS = YES_AGGRESSIVE;
				GCC_WARN_UNUSED_FUNCTION = YES;
				GCC_WARN_UNUSED_VARIABLE = YES;
				IPHONEOS_DEPLOYMENT_TARGET = 11.2;
				MTL_ENABLE_DEBUG_INFO = NO;
				SDKROOT = iphoneos;
				SWIFT_OPTIMIZATION_LEVEL = "-Owholemodule";
				VALIDATE_PRODUCT = YES;
			};
			name = Release;
		};
		218AB8E1200264C100DDB5B4 /* Debug */ = {
			isa = XCBuildConfiguration;
			baseConfigurationReference = F6C8005190B557E3CF778669 /* Pods-planner.debug.xcconfig */;
			buildSettings = {
				ASSETCATALOG_COMPILER_APPICON_NAME = AppIcon;
				CODE_SIGN_STYLE = Automatic;
				INFOPLIST_FILE = "$(SRCROOT)/Info.plist";
				LD_RUNPATH_SEARCH_PATHS = "$(inherited) @executable_path/Frameworks";
				PRODUCT_BUNDLE_IDENTIFIER = "-.planner";
				PRODUCT_NAME = "$(TARGET_NAME)";
				SWIFT_VERSION = 4.0;
				TARGETED_DEVICE_FAMILY = "1,2";
			};
			name = Debug;
		};
		218AB8E2200264C100DDB5B4 /* Release */ = {
			isa = XCBuildConfiguration;
			baseConfigurationReference = A6D894753DBE429FB7DA4AD1 /* Pods-planner.release.xcconfig */;
			buildSettings = {
				ASSETCATALOG_COMPILER_APPICON_NAME = AppIcon;
				CODE_SIGN_STYLE = Automatic;
				INFOPLIST_FILE = "$(SRCROOT)/Info.plist";
				LD_RUNPATH_SEARCH_PATHS = "$(inherited) @executable_path/Frameworks";
				PRODUCT_BUNDLE_IDENTIFIER = "-.planner";
				PRODUCT_NAME = "$(TARGET_NAME)";
				SWIFT_VERSION = 4.0;
				TARGETED_DEVICE_FAMILY = "1,2";
			};
			name = Release;
		};
/* End XCBuildConfiguration section */

/* Begin XCConfigurationList section */
		218AB8C9200264C000DDB5B4 /* Build configuration list for PBXProject "planner" */ = {
			isa = XCConfigurationList;
			buildConfigurations = (
				218AB8DE200264C100DDB5B4 /* Debug */,
				218AB8DF200264C100DDB5B4 /* Release */,
			);
			defaultConfigurationIsVisible = 0;
			defaultConfigurationName = Release;
		};
		218AB8E0200264C100DDB5B4 /* Build configuration list for PBXNativeTarget "planner" */ = {
			isa = XCConfigurationList;
			buildConfigurations = (
				218AB8E1200264C100DDB5B4 /* Debug */,
				218AB8E2200264C100DDB5B4 /* Release */,
			);
			defaultConfigurationIsVisible = 0;
			defaultConfigurationName = Release;
		};
/* End XCConfigurationList section */
	};
	rootObject = 218AB8C6200264C000DDB5B4 /* Project object */;
}
